
Microsoft Visual Studio Solution File, Format Version 12.00
# Visual Studio 14
VisualStudioVersion = 14.0.25420.1
MinimumVisualStudioVersion = 10.0.40219.1
Project("{FAE04EC0-301F-11D3-BF4B-00C04F79EFBC}") = "CardGame", "CardGame\CardGame.csproj", "{2F14A09B-3222-433D-B3B1-6686B74917D3}"
EndProject
Project("{FAE04EC0-301F-11D3-BF4B-00C04F79EFBC}") = "CardGameConsoleApp", "CardGameConsoleApp\CardGameConsoleApp.csproj", "{3FD6649C-5FC5-472C-AF34-46BB17AEBE66}"
EndProject
Project("{FAE04EC0-301F-11D3-BF4B-00C04F79EFBC}") = "CardGameTests", "CardGameTests\CardGameTests.csproj", "{A02240F9-6347-4676-8A01-7458ECF2A09C}"
EndProject
Global
	GlobalSection(SolutionConfigurationPlatforms) = preSolution
		Debug|Any CPU = Debug|Any CPU
		Release|Any CPU = Release|Any CPU
	EndGlobalSection
	GlobalSection(ProjectConfigurationPlatforms) = postSolution
		{2F14A09B-3222-433D-B3B1-6686B74917D3}.Debug|Any CPU.ActiveCfg = Debug|Any CPU
		{2F14A09B-3222-433D-B3B1-6686B74917D3}.Debug|Any CPU.Build.0 = Debug|Any CPU
		{2F14A09B-3222-433D-B3B1-6686B74917D3}.Release|Any CPU.ActiveCfg = Release|Any CPU
		{2F14A09B-3222-433D-B3B1-6686B74917D3}.Release|Any CPU.Build.0 = Release|Any CPU
		{3FD6649C-5FC5-472C-AF34-46BB17AEBE66}.Debug|Any CPU.ActiveCfg = Debug|Any CPU
		{3FD6649C-5FC5-472C-AF34-46BB17AEBE66}.Debug|Any CPU.Build.0 = Debug|Any CPU
		{3FD6649C-5FC5-472C-AF34-46BB17AEBE66}.Release|Any CPU.ActiveCfg = Release|Any CPU
		{3FD6649C-5FC5-472C-AF34-46BB17AEBE66}.Release|Any CPU.Build.0 = Release|Any CPU
		{A02240F9-6347-4676-8A01-7458ECF2A09C}.Debug|Any CPU.ActiveCfg = Debug|Any CPU
		{A02240F9-6347-4676-8A01-7458ECF2A09C}.Debug|Any CPU.Build.0 = Debug|Any CPU
		{A02240F9-6347-4676-8A01-7458ECF2A09C}.Release|Any CPU.ActiveCfg = Release|Any CPU
		{A02240F9-6347-4676-8A01-7458ECF2A09C}.Release|Any CPU.Build.0 = Release|Any CPU
	EndGlobalSection
	GlobalSection(SolutionProperties) = preSolution
		HideSolutionNode = FALSE
	EndGlobalSection
EndGlobal
